// !$*UTF8*$!
{
	archiveVersion = 1;
	classes = {
	};
	objectVersion = 56;
	objects = {

/* Begin PBXBuildFile section */
		B12246FD2BE2612600DEABA0 /* AppDelegate.swift in Sources */ = {isa = PBXBuildFile; fileRef = B12246FC2BE2612600DEABA0 /* AppDelegate.swift */; };
		B12246FF2BE2612600DEABA0 /* SceneDelegate.swift in Sources */ = {isa = PBXBuildFile; fileRef = B12246FE2BE2612600DEABA0 /* SceneDelegate.swift */; };
		B12247012BE2612600DEABA0 /* HomeVC.swift in Sources */ = {isa = PBXBuildFile; fileRef = B12247002BE2612600DEABA0 /* HomeVC.swift */; };
		B12247062BE2612800DEABA0 /* Assets.xcassets in Resources */ = {isa = PBXBuildFile; fileRef = B12247052BE2612800DEABA0 /* Assets.xcassets */; };
		B12247092BE2612800DEABA0 /* Base in Resources */ = {isa = PBXBuildFile; fileRef = B12247082BE2612800DEABA0 /* Base */; };
		B12247142BE2666100DEABA0 /* UIColor+Extension.swift in Sources */ = {isa = PBXBuildFile; fileRef = B12247132BE2666100DEABA0 /* UIColor+Extension.swift */; };
		B127CBDF2BE3C01600E8BB6B /* CategoriesData.json in Resources */ = {isa = PBXBuildFile; fileRef = B127CBDE2BE3C01600E8BB6B /* CategoriesData.json */; };
		B127CBE22BE3C04E00E8BB6B /* GenericService.swift in Sources */ = {isa = PBXBuildFile; fileRef = B127CBE12BE3C04E00E8BB6B /* GenericService.swift */; };
		B127CBE62BE3C1BB00E8BB6B /* HomeService.swift in Sources */ = {isa = PBXBuildFile; fileRef = B127CBE52BE3C1BB00E8BB6B /* HomeService.swift */; };
		B127CBE92BE3C1EA00E8BB6B /* CategoriesData.swift in Sources */ = {isa = PBXBuildFile; fileRef = B127CBE82BE3C1EA00E8BB6B /* CategoriesData.swift */; };
		B127CBEC2BE3C54600E8BB6B /* HomeViewModel.swift in Sources */ = {isa = PBXBuildFile; fileRef = B127CBEB2BE3C54600E8BB6B /* HomeViewModel.swift */; };
		B127CBF02BE3C73E00E8BB6B /* CategoriesCollectionViewCell.swift in Sources */ = {isa = PBXBuildFile; fileRef = B127CBEF2BE3C73E00E8BB6B /* CategoriesCollectionViewCell.swift */; };
		B127CBF42BE3C7F000E8BB6B /* CategoriesCollectionViewCellScreen.swift in Sources */ = {isa = PBXBuildFile; fileRef = B127CBF32BE3C7F000E8BB6B /* CategoriesCollectionViewCellScreen.swift */; };
		B1A90F522BE3B32C00D6FEB0 /* HomeScreen.swift in Sources */ = {isa = PBXBuildFile; fileRef = B1A90F512BE3B32C00D6FEB0 /* HomeScreen.swift */; };
		B1C3375D2BE26A1F003E1019 /* CartVC.swift in Sources */ = {isa = PBXBuildFile; fileRef = B1C3375C2BE26A1E003E1019 /* CartVC.swift */; };
		B1C337612BE26A89003E1019 /* TabBarVC.swift in Sources */ = {isa = PBXBuildFile; fileRef = B1C337602BE26A89003E1019 /* TabBarVC.swift */; };
/* End PBXBuildFile section */

/* Begin PBXFileReference section */
		B12246F92BE2612600DEABA0 /* OrdersrFood.app */ = {isa = PBXFileReference; explicitFileType = wrapper.application; includeInIndex = 0; path = OrdersrFood.app; sourceTree = BUILT_PRODUCTS_DIR; };
		B12246FC2BE2612600DEABA0 /* AppDelegate.swift */ = {isa = PBXFileReference; lastKnownFileType = sourcecode.swift; path = AppDelegate.swift; sourceTree = "<group>"; };
		B12246FE2BE2612600DEABA0 /* SceneDelegate.swift */ = {isa = PBXFileReference; lastKnownFileType = sourcecode.swift; path = SceneDelegate.swift; sourceTree = "<group>"; };
		B12247002BE2612600DEABA0 /* HomeVC.swift */ = {isa = PBXFileReference; lastKnownFileType = sourcecode.swift; path = HomeVC.swift; sourceTree = "<group>"; };
		B12247052BE2612800DEABA0 /* Assets.xcassets */ = {isa = PBXFileReference; lastKnownFileType = folder.assetcatalog; path = Assets.xcassets; sourceTree = "<group>"; };
		B12247082BE2612800DEABA0 /* Base */ = {isa = PBXFileReference; lastKnownFileType = file.storyboard; name = Base; path = Base.lproj/LaunchScreen.storyboard; sourceTree = "<group>"; };
		B122470A2BE2612800DEABA0 /* Info.plist */ = {isa = PBXFileReference; lastKnownFileType = text.plist.xml; path = Info.plist; sourceTree = "<group>"; };
		B12247132BE2666100DEABA0 /* UIColor+Extension.swift */ = {isa = PBXFileReference; lastKnownFileType = sourcecode.swift; path = "UIColor+Extension.swift"; sourceTree = "<group>"; };
		B127CBDE2BE3C01600E8BB6B /* CategoriesData.json */ = {isa = PBXFileReference; lastKnownFileType = text.json; path = CategoriesData.json; sourceTree = "<group>"; };
		B127CBE12BE3C04E00E8BB6B /* GenericService.swift */ = {isa = PBXFileReference; lastKnownFileType = sourcecode.swift; path = GenericService.swift; sourceTree = "<group>"; };
		B127CBE52BE3C1BB00E8BB6B /* HomeService.swift */ = {isa = PBXFileReference; lastKnownFileType = sourcecode.swift; path = HomeService.swift; sourceTree = "<group>"; };
		B127CBE82BE3C1EA00E8BB6B /* CategoriesData.swift */ = {isa = PBXFileReference; lastKnownFileType = sourcecode.swift; path = CategoriesData.swift; sourceTree = "<group>"; };
		B127CBEB2BE3C54600E8BB6B /* HomeViewModel.swift */ = {isa = PBXFileReference; lastKnownFileType = sourcecode.swift; path = HomeViewModel.swift; sourceTree = "<group>"; };
		B127CBEF2BE3C73E00E8BB6B /* CategoriesCollectionViewCell.swift */ = {isa = PBXFileReference; lastKnownFileType = sourcecode.swift; path = CategoriesCollectionViewCell.swift; sourceTree = "<group>"; };
		B127CBF32BE3C7F000E8BB6B /* CategoriesCollectionViewCellScreen.swift */ = {isa = PBXFileReference; lastKnownFileType = sourcecode.swift; path = CategoriesCollectionViewCellScreen.swift; sourceTree = "<group>"; };
		B1A90F512BE3B32C00D6FEB0 /* HomeScreen.swift */ = {isa = PBXFileReference; lastKnownFileType = sourcecode.swift; path = HomeScreen.swift; sourceTree = "<group>"; };
		B1C3375C2BE26A1E003E1019 /* CartVC.swift */ = {isa = PBXFileReference; lastKnownFileType = sourcecode.swift; path = CartVC.swift; sourceTree = "<group>"; };
		B1C337602BE26A89003E1019 /* TabBarVC.swift */ = {isa = PBXFileReference; lastKnownFileType = sourcecode.swift; path = TabBarVC.swift; sourceTree = "<group>"; };
/* End PBXFileReference section */

/* Begin PBXFrameworksBuildPhase section */
		B12246F62BE2612600DEABA0 /* Frameworks */ = {
			isa = PBXFrameworksBuildPhase;
			buildActionMask = 2147483647;
			files = (
			);
			runOnlyForDeploymentPostprocessing = 0;
		};
/* End PBXFrameworksBuildPhase section */

/* Begin PBXGroup section */
		B12246F02BE2612600DEABA0 = {
			isa = PBXGroup;
			children = (
				B12246FB2BE2612600DEABA0 /* OderFood */,
				B12246FA2BE2612600DEABA0 /* Products */,
			);
			sourceTree = "<group>";
		};
		B12246FA2BE2612600DEABA0 /* Products */ = {
			isa = PBXGroup;
			children = (
				B12246F92BE2612600DEABA0 /* OrdersrFood.app */,
			);
			name = Products;
			sourceTree = "<group>";
		};
		B12246FB2BE2612600DEABA0 /* OderFood */ = {
			isa = PBXGroup;
			children = (
				B127CBE72BE3C1D200E8BB6B /* Model */,
				B127CBE02BE3C03100E8BB6B /* Service */,
				B127CBDD2BE3BFE400E8BB6B /* Json */,
				B1C3375E2BE26A5A003E1019 /* TabBarController */,
				B12247112BE2664000DEABA0 /* Utils */,
				B12246FC2BE2612600DEABA0 /* AppDelegate.swift */,
				B12246FE2BE2612600DEABA0 /* SceneDelegate.swift */,
				B12247102BE2615B00DEABA0 /* Feature */,
				B12247052BE2612800DEABA0 /* Assets.xcassets */,
				B12247072BE2612800DEABA0 /* LaunchScreen.storyboard */,
				B122470A2BE2612800DEABA0 /* Info.plist */,
			);
			path = OderFood;
			sourceTree = "<group>";
		};
		B12247102BE2615B00DEABA0 /* Feature */ = {
			isa = PBXGroup;
			children = (
				B127CBED2BE3C70E00E8BB6B /* Cells */,
				B12247162BE268F400DEABA0 /* Cart */,
				B12247152BE268EA00DEABA0 /* Home */,
			);
			path = Feature;
			sourceTree = "<group>";
		};
		B12247112BE2664000DEABA0 /* Utils */ = {
			isa = PBXGroup;
			children = (
				B12247122BE2664800DEABA0 /* Extension */,
			);
			path = Utils;
			sourceTree = "<group>";
		};
		B12247122BE2664800DEABA0 /* Extension */ = {
			isa = PBXGroup;
			children = (
				B12247132BE2666100DEABA0 /* UIColor+Extension.swift */,
			);
			path = Extension;
			sourceTree = "<group>";
		};
		B12247152BE268EA00DEABA0 /* Home */ = {
			isa = PBXGroup;
			children = (
				B127CBEA2BE3C53700E8BB6B /* ViewModel */,
				B1A90F502BE3B30900D6FEB0 /* Screen */,
				B1A90F4F2BE3B2FC00D6FEB0 /* ViewController */,
			);
			path = Home;
			sourceTree = "<group>";
		};
		B12247162BE268F400DEABA0 /* Cart */ = {
			isa = PBXGroup;
			children = (
				B1C3375C2BE26A1E003E1019 /* CartVC.swift */,
			);
			path = Cart;
			sourceTree = "<group>";
		};
		B127CBDD2BE3BFE400E8BB6B /* Json */ = {
			isa = PBXGroup;
			children = (
				B127CBDE2BE3C01600E8BB6B /* CategoriesData.json */,
			);
			path = Json;
			sourceTree = "<group>";
		};
		B127CBE02BE3C03100E8BB6B /* Service */ = {
			isa = PBXGroup;
			children = (
				B127CBE42BE3C1AC00E8BB6B /* HomeService */,
				B127CBE32BE3C1A300E8BB6B /* Generic */,
			);
			path = Service;
			sourceTree = "<group>";
		};
		B127CBE32BE3C1A300E8BB6B /* Generic */ = {
			isa = PBXGroup;
			children = (
				B127CBE12BE3C04E00E8BB6B /* GenericService.swift */,
			);
			path = Generic;
			sourceTree = "<group>";
		};
		B127CBE42BE3C1AC00E8BB6B /* HomeService */ = {
			isa = PBXGroup;
			children = (
				B127CBE52BE3C1BB00E8BB6B /* HomeService.swift */,
			);
			path = HomeService;
			sourceTree = "<group>";
		};
		B127CBE72BE3C1D200E8BB6B /* Model */ = {
			isa = PBXGroup;
			children = (
				B127CBE82BE3C1EA00E8BB6B /* CategoriesData.swift */,
			);
			path = Model;
			sourceTree = "<group>";
		};
		B127CBEA2BE3C53700E8BB6B /* ViewModel */ = {
			isa = PBXGroup;
			children = (
				B127CBEB2BE3C54600E8BB6B /* HomeViewModel.swift */,
			);
			path = ViewModel;
			sourceTree = "<group>";
		};
		B127CBED2BE3C70E00E8BB6B /* Cells */ = {
			isa = PBXGroup;
			children = (
				B127CBEE2BE3C71500E8BB6B /* HomeCells */,
			);
			path = Cells;
			sourceTree = "<group>";
		};
		B127CBEE2BE3C71500E8BB6B /* HomeCells */ = {
			isa = PBXGroup;
			children = (
				B127CBF22BE3C7D500E8BB6B /* Screen */,
				B127CBF12BE3C75000E8BB6B /* CollectionViewCell */,
			);
			path = HomeCells;
			sourceTree = "<group>";
		};
		B127CBF12BE3C75000E8BB6B /* CollectionViewCell */ = {
			isa = PBXGroup;
			children = (
				B127CBEF2BE3C73E00E8BB6B /* CategoriesCollectionViewCell.swift */,
			);
			path = CollectionViewCell;
			sourceTree = "<group>";
		};
		B127CBF22BE3C7D500E8BB6B /* Screen */ = {
			isa = PBXGroup;
			children = (
				B127CBF32BE3C7F000E8BB6B /* CategoriesCollectionViewCellScreen.swift */,
			);
			path = Screen;
			sourceTree = "<group>";
		};
		B1A90F4F2BE3B2FC00D6FEB0 /* ViewController */ = {
			isa = PBXGroup;
			children = (
				B12247002BE2612600DEABA0 /* HomeVC.swift */,
			);
			path = ViewController;
			sourceTree = "<group>";
		};
		B1A90F502BE3B30900D6FEB0 /* Screen */ = {
			isa = PBXGroup;
			children = (
				B1A90F512BE3B32C00D6FEB0 /* HomeScreen.swift */,
			);
			path = Screen;
			sourceTree = "<group>";
		};
		B1C3375E2BE26A5A003E1019 /* TabBarController */ = {
			isa = PBXGroup;
			children = (
				B1C337602BE26A89003E1019 /* TabBarVC.swift */,
			);
			path = TabBarController;
			sourceTree = "<group>";
		};
/* End PBXGroup section */

/* Begin PBXNativeTarget section */
		B12246F82BE2612600DEABA0 /* OrdersrFood */ = {
			isa = PBXNativeTarget;
			buildConfigurationList = B122470D2BE2612800DEABA0 /* Build configuration list for PBXNativeTarget "OrdersrFood" */;
			buildPhases = (
				B12246F52BE2612600DEABA0 /* Sources */,
				B12246F62BE2612600DEABA0 /* Frameworks */,
				B12246F72BE2612600DEABA0 /* Resources */,
			);
			buildRules = (
			);
			dependencies = (
			);
			name = OrdersrFood;
			productName = OderFood;
			productReference = B12246F92BE2612600DEABA0 /* OrdersrFood.app */;
			productType = "com.apple.product-type.application";
		};
/* End PBXNativeTarget section */

/* Begin PBXProject section */
		B12246F12BE2612600DEABA0 /* Project object */ = {
			isa = PBXProject;
			attributes = {
				BuildIndependentTargetsInParallel = 1;
				LastSwiftUpdateCheck = 1530;
				LastUpgradeCheck = 1530;
				TargetAttributes = {
					B12246F82BE2612600DEABA0 = {
						CreatedOnToolsVersion = 15.3;
					};
				};
			};
			buildConfigurationList = B12246F42BE2612600DEABA0 /* Build configuration list for PBXProject "OrdersrFood" */;
			compatibilityVersion = "Xcode 14.0";
			developmentRegion = en;
			hasScannedForEncodings = 0;
			knownRegions = (
				en,
				Base,
			);
			mainGroup = B12246F02BE2612600DEABA0;
			productRefGroup = B12246FA2BE2612600DEABA0 /* Products */;
			projectDirPath = "";
			projectRoot = "";
			targets = (
				B12246F82BE2612600DEABA0 /* OrdersrFood */,
			);
		};
/* End PBXProject section */

/* Begin PBXResourcesBuildPhase section */
		B12246F72BE2612600DEABA0 /* Resources */ = {
			isa = PBXResourcesBuildPhase;
			buildActionMask = 2147483647;
			files = (
				B12247062BE2612800DEABA0 /* Assets.xcassets in Resources */,
				B127CBDF2BE3C01600E8BB6B /* CategoriesData.json in Resources */,
				B12247092BE2612800DEABA0 /* Base in Resources */,
			);
			runOnlyForDeploymentPostprocessing = 0;
		};
/* End PBXResourcesBuildPhase section */

/* Begin PBXSourcesBuildPhase section */
		B12246F52BE2612600DEABA0 /* Sources */ = {
			isa = PBXSourcesBuildPhase;
			buildActionMask = 2147483647;
			files = (
				B12247012BE2612600DEABA0 /* HomeVC.swift in Sources */,
				B127CBEC2BE3C54600E8BB6B /* HomeViewModel.swift in Sources */,
				B127CBF42BE3C7F000E8BB6B /* CategoriesCollectionViewCellScreen.swift in Sources */,
				B12246FD2BE2612600DEABA0 /* AppDelegate.swift in Sources */,
				B1A90F522BE3B32C00D6FEB0 /* HomeScreen.swift in Sources */,
				B1C3375D2BE26A1F003E1019 /* CartVC.swift in Sources */,
				B12246FF2BE2612600DEABA0 /* SceneDelegate.swift in Sources */,
				B127CBF02BE3C73E00E8BB6B /* CategoriesCollectionViewCell.swift in Sources */,
				B127CBE22BE3C04E00E8BB6B /* GenericService.swift in Sources */,
				B127CBE62BE3C1BB00E8BB6B /* HomeService.swift in Sources */,
				B127CBE92BE3C1EA00E8BB6B /* CategoriesData.swift in Sources */,
				B1C337612BE26A89003E1019 /* TabBarVC.swift in Sources */,
				B12247142BE2666100DEABA0 /* UIColor+Extension.swift in Sources */,
			);
			runOnlyForDeploymentPostprocessing = 0;
		};
/* End PBXSourcesBuildPhase section */

/* Begin PBXVariantGroup section */
		B12247072BE2612800DEABA0 /* LaunchScreen.storyboard */ = {
			isa = PBXVariantGroup;
			children = (
				B12247082BE2612800DEABA0 /* Base */,
			);
			name = LaunchScreen.storyboard;
			sourceTree = "<group>";
		};
/* End PBXVariantGroup section */

/* Begin XCBuildConfiguration section */
		B122470B2BE2612800DEABA0 /* Debug */ = {
			isa = XCBuildConfiguration;
			buildSettings = {
				ALWAYS_SEARCH_USER_PATHS = NO;
				ASSETCATALOG_COMPILER_GENERATE_SWIFT_ASSET_SYMBOL_EXTENSIONS = YES;
				CLANG_ANALYZER_NONNULL = YES;
				CLANG_ANALYZER_NUMBER_OBJECT_CONVERSION = YES_AGGRESSIVE;
				CLANG_CXX_LANGUAGE_STANDARD = "gnu++20";
				CLANG_ENABLE_MODULES = YES;
				CLANG_ENABLE_OBJC_ARC = YES;
				CLANG_ENABLE_OBJC_WEAK = YES;
				CLANG_WARN_BLOCK_CAPTURE_AUTORELEASING = YES;
				CLANG_WARN_BOOL_CONVERSION = YES;
				CLANG_WARN_COMMA = YES;
				CLANG_WARN_CONSTANT_CONVERSION = YES;
				CLANG_WARN_DEPRECATED_OBJC_IMPLEMENTATIONS = YES;
				CLANG_WARN_DIRECT_OBJC_ISA_USAGE = YES_ERROR;
				CLANG_WARN_DOCUMENTATION_COMMENTS = YES;
				CLANG_WARN_EMPTY_BODY = YES;
				CLANG_WARN_ENUM_CONVERSION = YES;
				CLANG_WARN_INFINITE_RECURSION = YES;
				CLANG_WARN_INT_CONVERSION = YES;
				CLANG_WARN_NON_LITERAL_NULL_CONVERSION = YES;
				CLANG_WARN_OBJC_IMPLICIT_RETAIN_SELF = YES;
				CLANG_WARN_OBJC_LITERAL_CONVERSION = YES;
				CLANG_WARN_OBJC_ROOT_CLASS = YES_ERROR;
				CLANG_WARN_QUOTED_INCLUDE_IN_FRAMEWORK_HEADER = YES;
				CLANG_WARN_RANGE_LOOP_ANALYSIS = YES;
				CLANG_WARN_STRICT_PROTOTYPES = YES;
				CLANG_WARN_SUSPICIOUS_MOVE = YES;
				CLANG_WARN_UNGUARDED_AVAILABILITY = YES_AGGRESSIVE;
				CLANG_WARN_UNREACHABLE_CODE = YES;
				CLANG_WARN__DUPLICATE_METHOD_MATCH = YES;
				COPY_PHASE_STRIP = NO;
				DEBUG_INFORMATION_FORMAT = dwarf;
				ENABLE_STRICT_OBJC_MSGSEND = YES;
				ENABLE_TESTABILITY = YES;
				ENABLE_USER_SCRIPT_SANDBOXING = YES;
				GCC_C_LANGUAGE_STANDARD = gnu17;
				GCC_DYNAMIC_NO_PIC = NO;
				GCC_NO_COMMON_BLOCKS = YES;
				GCC_OPTIMIZATION_LEVEL = 0;
				GCC_PREPROCESSOR_DEFINITIONS = (
					"DEBUG=1",
					"$(inherited)",
				);
				GCC_WARN_64_TO_32_BIT_CONVERSION = YES;
				GCC_WARN_ABOUT_RETURN_TYPE = YES_ERROR;
				GCC_WARN_UNDECLARED_SELECTOR = YES;
				GCC_WARN_UNINITIALIZED_AUTOS = YES_AGGRESSIVE;
				GCC_WARN_UNUSED_FUNCTION = YES;
				GCC_WARN_UNUSED_VARIABLE = YES;
				IPHONEOS_DEPLOYMENT_TARGET = 17.4;
				LOCALIZATION_PREFERS_STRING_CATALOGS = YES;
				MTL_ENABLE_DEBUG_INFO = INCLUDE_SOURCE;
				MTL_FAST_MATH = YES;
				ONLY_ACTIVE_ARCH = YES;
				SDKROOT = iphoneos;
				SWIFT_ACTIVE_COMPILATION_CONDITIONS = "DEBUG $(inherited)";
				SWIFT_OPTIMIZATION_LEVEL = "-Onone";
			};
			name = Debug;
		};
		B122470C2BE2612800DEABA0 /* Release */ = {
			isa = XCBuildConfiguration;
			buildSettings = {
				ALWAYS_SEARCH_USER_PATHS = NO;
				ASSETCATALOG_COMPILER_GENERATE_SWIFT_ASSET_SYMBOL_EXTENSIONS = YES;
				CLANG_ANALYZER_NONNULL = YES;
				CLANG_ANALYZER_NUMBER_OBJECT_CONVERSION = YES_AGGRESSIVE;
				CLANG_CXX_LANGUAGE_STANDARD = "gnu++20";
				CLANG_ENABLE_MODULES = YES;
				CLANG_ENABLE_OBJC_ARC = YES;
				CLANG_ENABLE_OBJC_WEAK = YES;
				CLANG_WARN_BLOCK_CAPTURE_AUTORELEASING = YES;
				CLANG_WARN_BOOL_CONVERSION = YES;
				CLANG_WARN_COMMA = YES;
				CLANG_WARN_CONSTANT_CONVERSION = YES;
				CLANG_WARN_DEPRECATED_OBJC_IMPLEMENTATIONS = YES;
				CLANG_WARN_DIRECT_OBJC_ISA_USAGE = YES_ERROR;
				CLANG_WARN_DOCUMENTATION_COMMENTS = YES;
				CLANG_WARN_EMPTY_BODY = YES;
				CLANG_WARN_ENUM_CONVERSION = YES;
				CLANG_WARN_INFINITE_RECURSION = YES;
				CLANG_WARN_INT_CONVERSION = YES;
				CLANG_WARN_NON_LITERAL_NULL_CONVERSION = YES;
				CLANG_WARN_OBJC_IMPLICIT_RETAIN_SELF = YES;
				CLANG_WARN_OBJC_LITERAL_CONVERSION = YES;
				CLANG_WARN_OBJC_ROOT_CLASS = YES_ERROR;
				CLANG_WARN_QUOTED_INCLUDE_IN_FRAMEWORK_HEADER = YES;
				CLANG_WARN_RANGE_LOOP_ANALYSIS = YES;
				CLANG_WARN_STRICT_PROTOTYPES = YES;
				CLANG_WARN_SUSPICIOUS_MOVE = YES;
				CLANG_WARN_UNGUARDED_AVAILABILITY = YES_AGGRESSIVE;
				CLANG_WARN_UNREACHABLE_CODE = YES;
				CLANG_WARN__DUPLICATE_METHOD_MATCH = YES;
				COPY_PHASE_STRIP = NO;
				DEBUG_INFORMATION_FORMAT = "dwarf-with-dsym";
				ENABLE_NS_ASSERTIONS = NO;
				ENABLE_STRICT_OBJC_MSGSEND = YES;
				ENABLE_USER_SCRIPT_SANDBOXING = YES;
				GCC_C_LANGUAGE_STANDARD = gnu17;
				GCC_NO_COMMON_BLOCKS = YES;
				GCC_WARN_64_TO_32_BIT_CONVERSION = YES;
				GCC_WARN_ABOUT_RETURN_TYPE = YES_ERROR;
				GCC_WARN_UNDECLARED_SELECTOR = YES;
				GCC_WARN_UNINITIALIZED_AUTOS = YES_AGGRESSIVE;
				GCC_WARN_UNUSED_FUNCTION = YES;
				GCC_WARN_UNUSED_VARIABLE = YES;
				IPHONEOS_DEPLOYMENT_TARGET = 17.4;
				LOCALIZATION_PREFERS_STRING_CATALOGS = YES;
				MTL_ENABLE_DEBUG_INFO = NO;
				MTL_FAST_MATH = YES;
				SDKROOT = iphoneos;
				SWIFT_COMPILATION_MODE = wholemodule;
				VALIDATE_PRODUCT = YES;
			};
			name = Release;
		};
		B122470E2BE2612800DEABA0 /* Debug */ = {
			isa = XCBuildConfiguration;
			buildSettings = {
				ASSETCATALOG_COMPILER_APPICON_NAME = AppIcon;
				ASSETCATALOG_COMPILER_GLOBAL_ACCENT_COLOR_NAME = AccentColor;
				CODE_SIGN_STYLE = Automatic;
				CURRENT_PROJECT_VERSION = 1;
				DEVELOPMENT_TEAM = QFL3TKB7D4;
				GENERATE_INFOPLIST_FILE = YES;
				INFOPLIST_FILE = OderFood/Info.plist;
				INFOPLIST_KEY_UIApplicationSupportsIndirectInputEvents = YES;
				INFOPLIST_KEY_UILaunchStoryboardName = LaunchScreen.storyboard;
				INFOPLIST_KEY_UISupportedInterfaceOrientations_iPad = "UIInterfaceOrientationPortrait UIInterfaceOrientationPortraitUpsideDown UIInterfaceOrientationLandscapeLeft UIInterfaceOrientationLandscapeRight";
				INFOPLIST_KEY_UISupportedInterfaceOrientations_iPhone = "UIInterfaceOrientationPortrait UIInterfaceOrientationLandscapeLeft UIInterfaceOrientationLandscapeRight";
				IPHONEOS_DEPLOYMENT_TARGET = 16.0;
				LD_RUNPATH_SEARCH_PATHS = (
					"$(inherited)",
					"@executable_path/Frameworks",
				);
				MARKETING_VERSION = 1.0;
				PRODUCT_BUNDLE_IDENTIFIER = "https---github.com-bertiGrazi.OderFood";
				PRODUCT_NAME = "$(TARGET_NAME)";
				SWIFT_EMIT_LOC_STRINGS = YES;
				SWIFT_VERSION = 5.0;
				TARGETED_DEVICE_FAMILY = "1,2";
			};
			name = Debug;
		};
		B122470F2BE2612800DEABA0 /* Release */ = {
			isa = XCBuildConfiguration;
			buildSettings = {
				ASSETCATALOG_COMPILER_APPICON_NAME = AppIcon;
				ASSETCATALOG_COMPILER_GLOBAL_ACCENT_COLOR_NAME = AccentColor;
				CODE_SIGN_STYLE = Automatic;
				CURRENT_PROJECT_VERSION = 1;
				DEVELOPMENT_TEAM = QFL3TKB7D4;
				GENERATE_INFOPLIST_FILE = YES;
				INFOPLIST_FILE = OderFood/Info.plist;
				INFOPLIST_KEY_UIApplicationSupportsIndirectInputEvents = YES;
				INFOPLIST_KEY_UILaunchStoryboardName = LaunchScreen.storyboard;
				INFOPLIST_KEY_UISupportedInterfaceOrientations_iPad = "UIInterfaceOrientationPortrait UIInterfaceOrientationPortraitUpsideDown UIInterfaceOrientationLandscapeLeft UIInterfaceOrientationLandscapeRight";
				INFOPLIST_KEY_UISupportedInterfaceOrientations_iPhone = "UIInterfaceOrientationPortrait UIInterfaceOrientationLandscapeLeft UIInterfaceOrientationLandscapeRight";
				IPHONEOS_DEPLOYMENT_TARGET = 16.0;
				LD_RUNPATH_SEARCH_PATHS = (
					"$(inherited)",
					"@executable_path/Frameworks",
				);
				MARKETING_VERSION = 1.0;
				PRODUCT_BUNDLE_IDENTIFIER = "https---github.com-bertiGrazi.OderFood";
				PRODUCT_NAME = "$(TARGET_NAME)";
				SWIFT_EMIT_LOC_STRINGS = YES;
				SWIFT_VERSION = 5.0;
				TARGETED_DEVICE_FAMILY = "1,2";
			};
			name = Release;
		};
/* End XCBuildConfiguration section */

/* Begin XCConfigurationList section */
		B12246F42BE2612600DEABA0 /* Build configuration list for PBXProject "OrdersrFood" */ = {
			isa = XCConfigurationList;
			buildConfigurations = (
				B122470B2BE2612800DEABA0 /* Debug */,
				B122470C2BE2612800DEABA0 /* Release */,
			);
			defaultConfigurationIsVisible = 0;
			defaultConfigurationName = Release;
		};
		B122470D2BE2612800DEABA0 /* Build configuration list for PBXNativeTarget "OrdersrFood" */ = {
			isa = XCConfigurationList;
			buildConfigurations = (
				B122470E2BE2612800DEABA0 /* Debug */,
				B122470F2BE2612800DEABA0 /* Release */,
			);
			defaultConfigurationIsVisible = 0;
			defaultConfigurationName = Release;
		};
/* End XCConfigurationList section */
	};
	rootObject = B12246F12BE2612600DEABA0 /* Project object */;
}
